{
  "version": 4,
  "terraform_version": "1.9.7",
  "serial": 21,
  "lineage": "49cb5507-ab1c-9b50-3e84-26b482be98f2",
  "outputs": {
    "app_service_url": {
      "value": "java-api-demo-app.azurewebsites.net",
      "type": "string"
    },
    "resource_group_name": {
      "value": "new-resource-group-java-app",
      "type": "string"
    }
  },
  "resources": [
    {
      "mode": "managed",
      "type": "azurerm_linux_web_app",
      "name": "app_service",
      "provider": "provider[\"registry.terraform.io/hashicorp/azurerm\"]",
      "instances": [
        {
          "schema_version": 0,
          "attributes": {
            "app_settings": {
              "API_KEY": "2f5ae96c-b558-4c7b-a590-a501ae1c3f6c",
              "API_URL": "https://apim-devops-ta.azure-api.net/api/DevOps",
              "JAVA_VERSION": "17",
              "JWT_SECRET": "devops-ta-jwt",
              "WEBSITE_RUN_FROM_PACKAGE": "1"
            },
            "auth_settings": [],
            "auth_settings_v2": [],
            "backup": [],
            "client_affinity_enabled": false,
            "client_certificate_enabled": false,
            "client_certificate_exclusion_paths": "",
            "client_certificate_mode": "Required",
            "connection_string": [],
            "custom_domain_verification_id": "1785266A9965DEFA76DB51E0C9227B8C42DE555BF443F62BCD7F4FC2BAA15C17",
            "default_hostname": "java-api-demo-app.azurewebsites.net",
            "enabled": true,
            "hosting_environment_id": "",
            "https_only": false,
            "id": "/subscriptions/abc3a2b3-887c-49a6-af67-080e06732b25/resourceGroups/new-resource-group-java-app/providers/Microsoft.Web/sites/java-api-demo-app",
            "identity": [],
            "key_vault_reference_identity_id": "SystemAssigned",
            "kind": "app,linux",
            "location": "westus2",
            "logs": [],
            "name": "java-api-demo-app",
            "outbound_ip_address_list": [
              "52.183.82.171",
              "52.183.89.66",
              "52.151.50.149",
              "51.141.184.90",
              "13.66.138.104"
            ],
            "outbound_ip_addresses": "52.183.82.171,52.183.89.66,52.151.50.149,51.141.184.90,13.66.138.104",
            "possible_outbound_ip_address_list": [
              "52.183.82.171",
              "52.183.89.66",
              "52.151.50.149",
              "51.141.184.90",
              "52.250.0.90",
              "52.151.20.147",
              "52.151.58.127",
              "51.143.16.116",
              "52.183.97.4",
              "40.64.111.241",
              "40.64.108.8",
              "20.59.40.36",
              "40.64.109.224",
              "20.59.40.40",
              "20.59.40.50",
              "20.59.40.53",
              "20.59.40.54",
              "20.59.40.65",
              "20.59.40.66",
              "20.59.40.79",
              "20.59.40.81",
              "13.66.138.104"
            ],
            "possible_outbound_ip_addresses": "52.183.82.171,52.183.89.66,52.151.50.149,51.141.184.90,52.250.0.90,52.151.20.147,52.151.58.127,51.143.16.116,52.183.97.4,40.64.111.241,40.64.108.8,20.59.40.36,40.64.109.224,20.59.40.40,20.59.40.50,20.59.40.53,20.59.40.54,20.59.40.65,20.59.40.66,20.59.40.79,20.59.40.81,13.66.138.104",
            "public_network_access_enabled": true,
            "resource_group_name": "new-resource-group-java-app",
            "service_plan_id": "/subscriptions/abc3a2b3-887c-49a6-af67-080e06732b25/resourceGroups/new-resource-group-java-app/providers/Microsoft.Web/serverfarms/java-app-service-plan",
            "site_config": [
              {
                "always_on": false,
                "api_definition_url": "",
                "api_management_api_id": "",
                "app_command_line": "",
                "application_stack": [
                  {
                    "docker_image": "",
                    "docker_image_name": "",
                    "docker_image_tag": "",
                    "docker_registry_password": "",
                    "docker_registry_url": "",
                    "docker_registry_username": "",
                    "dotnet_version": "",
                    "go_version": "",
                    "java_server": "",
                    "java_server_version": "",
                    "java_version": "",
                    "node_version": "",
                    "php_version": "",
                    "python_version": "",
                    "ruby_version": ""
                  }
                ],
                "auto_heal_enabled": false,
                "auto_heal_setting": [],
                "container_registry_managed_identity_client_id": "",
                "container_registry_use_managed_identity": false,
                "cors": [],
                "default_documents": [
                  "Default.htm",
                  "Default.html",
                  "Default.asp",
                  "index.htm",
                  "index.html",
                  "iisstart.htm",
                  "default.aspx",
                  "index.php",
                  "hostingstart.html"
                ],
                "detailed_error_logging_enabled": false,
                "ftps_state": "Disabled",
                "health_check_eviction_time_in_min": 0,
                "health_check_path": "",
                "http2_enabled": false,
                "ip_restriction": [],
                "linux_fx_version": "",
                "load_balancing_mode": "LeastRequests",
                "local_mysql_enabled": false,
                "managed_pipeline_mode": "Integrated",
                "minimum_tls_version": "1.2",
                "remote_debugging_enabled": false,
                "remote_debugging_version": "VS2022",
                "scm_ip_restriction": [],
                "scm_minimum_tls_version": "1.2",
                "scm_type": "None",
                "scm_use_main_ip_restriction": false,
                "use_32_bit_worker": true,
                "vnet_route_all_enabled": false,
                "websockets_enabled": false,
                "worker_count": 1
              }
            ],
            "site_credential": [
              {
                "name": "$java-api-demo-app",
                "password": "n5LH3lnDwupsTRq7oibhPdAjS7oW5kWTBXzFoR16Dm4q8h1t2GSpq5lCjxbv"
              }
            ],
            "sticky_settings": [],
            "storage_account": [],
            "tags": null,
            "timeouts": null,
            "virtual_network_subnet_id": "",
            "zip_deploy_file": ""
          },
          "sensitive_attributes": [
            [
              {
                "type": "get_attr",
                "value": "custom_domain_verification_id"
              }
            ],
            [
              {
                "type": "get_attr",
                "value": "site_credential"
              }
            ],
            [
              {
                "type": "get_attr",
                "value": "site_config"
              },
              {
                "type": "index",
                "value": {
                  "value": 0,
                  "type": "number"
                }
              },
              {
                "type": "get_attr",
                "value": "application_stack"
              },
              {
                "type": "index",
                "value": {
                  "value": 0,
                  "type": "number"
                }
              },
              {
                "type": "get_attr",
                "value": "docker_registry_password"
              }
            ]
          ],
          "private": "eyJlMmJmYjczMC1lY2FhLTExZTYtOGY4OC0zNDM2M2JjN2M0YzAiOnsiY3JlYXRlIjoxODAwMDAwMDAwMDAwLCJkZWxldGUiOjE4MDAwMDAwMDAwMDAsInJlYWQiOjMwMDAwMDAwMDAwMCwidXBkYXRlIjoxODAwMDAwMDAwMDAwfX0=",
          "dependencies": [
            "azurerm_resource_group.example",
            "azurerm_service_plan.app_service_plan"
          ]
        }
      ]
    },
    {
      "mode": "managed",
      "type": "azurerm_resource_group",
      "name": "example",
      "provider": "provider[\"registry.terraform.io/hashicorp/azurerm\"]",
      "instances": [
        {
          "schema_version": 0,
          "attributes": {
            "id": "/subscriptions/abc3a2b3-887c-49a6-af67-080e06732b25/resourceGroups/new-resource-group-java-app",
            "location": "westus2",
            "managed_by": "",
            "name": "new-resource-group-java-app",
            "tags": {},
            "timeouts": null
          },
          "sensitive_attributes": [],
          "private": "eyJlMmJmYjczMC1lY2FhLTExZTYtOGY4OC0zNDM2M2JjN2M0YzAiOnsiY3JlYXRlIjo1NDAwMDAwMDAwMDAwLCJkZWxldGUiOjU0MDAwMDAwMDAwMDAsInJlYWQiOjMwMDAwMDAwMDAwMCwidXBkYXRlIjo1NDAwMDAwMDAwMDAwfX0="
        }
      ]
    },
    {
      "mode": "managed",
      "type": "azurerm_service_plan",
      "name": "app_service_plan",
      "provider": "provider[\"registry.terraform.io/hashicorp/azurerm\"]",
      "instances": [
        {
          "schema_version": 0,
          "attributes": {
            "app_service_environment_id": "",
            "id": "/subscriptions/abc3a2b3-887c-49a6-af67-080e06732b25/resourceGroups/new-resource-group-java-app/providers/Microsoft.Web/serverfarms/java-app-service-plan",
            "kind": "linux",
            "location": "westus2",
            "maximum_elastic_worker_count": 1,
            "name": "java-app-service-plan",
            "os_type": "Linux",
            "per_site_scaling_enabled": false,
            "reserved": true,
            "resource_group_name": "new-resource-group-java-app",
            "sku_name": "F1",
            "tags": {},
            "timeouts": null,
            "worker_count": 1,
            "zone_balancing_enabled": false
          },
          "sensitive_attributes": [],
          "private": "eyJlMmJmYjczMC1lY2FhLTExZTYtOGY4OC0zNDM2M2JjN2M0YzAiOnsiY3JlYXRlIjozNjAwMDAwMDAwMDAwLCJkZWxldGUiOjM2MDAwMDAwMDAwMDAsInJlYWQiOjMwMDAwMDAwMDAwMCwidXBkYXRlIjozNjAwMDAwMDAwMDAwfX0=",
          "dependencies": [
            "azurerm_resource_group.example"
          ]
        }
      ]
    }
  ],
  "check_results": null
}
